// !$*UTF8*$!
{
	archiveVersion = 1;
	classes = {
	};
	objectVersion = 51;
	objects = {

/* Begin PBXBuildFile section */
		7575CE0DFFF35E84E13C4B86 /* libPods-Wallet.a in Frameworks */ = {isa = PBXBuildFile; fileRef = D9A10059DA49AAF78F529A5B /* libPods-Wallet.a */; };
		B4E16F34266F0B140011E12B /* WalletViewController.m in Sources */ = {isa = PBXBuildFile; fileRef = B4E16F33266F0B140011E12B /* WalletViewController.m */; };
		B4E16F5C267091D80011E12B /* TransferViewController.m in Sources */ = {isa = PBXBuildFile; fileRef = B4E16F5B267091D80011E12B /* TransferViewController.m */; };
		B4E16F812670C9DD0011E12B /* SuccessViewController.m in Sources */ = {isa = PBXBuildFile; fileRef = B4E16F802670C9DD0011E12B /* SuccessViewController.m */; };
		B4E16FBB2670D8E90011E12B /* UIImage+Zirkfied.m in Sources */ = {isa = PBXBuildFile; fileRef = B4E16FA52670D8E80011E12B /* UIImage+Zirkfied.m */; };
		B4E16FBC2670D8E90011E12B /* UIColor+Zirkfied.m in Sources */ = {isa = PBXBuildFile; fileRef = B4E16FA62670D8E80011E12B /* UIColor+Zirkfied.m */; };
		B4E16FBD2670D8E90011E12B /* ZFConst.m in Sources */ = {isa = PBXBuildFile; fileRef = B4E16FAA2670D8E80011E12B /* ZFConst.m */; };
		B4E16FBE2670D8E90011E12B /* ZFScanViewController.m in Sources */ = {isa = PBXBuildFile; fileRef = B4E16FAC2670D8E80011E12B /* ZFScanViewController.m */; };
		B4E16FBF2670D8E90011E12B /* ZFCodeImageView.m in Sources */ = {isa = PBXBuildFile; fileRef = B4E16FB02670D8E80011E12B /* ZFCodeImageView.m */; };
		B4E16FC02670D8E90011E12B /* ZFMaskView.m in Sources */ = {isa = PBXBuildFile; fileRef = B4E16FB12670D8E80011E12B /* ZFMaskView.m */; };
		B4E16FC12670D8E90011E12B /* QRCodeScanLine@2x.png in Resources */ = {isa = PBXBuildFile; fileRef = B4E16FB32670D8E80011E12B /* QRCodeScanLine@2x.png */; };
		B4E16FC22670D8E90011E12B /* Down@2x.png in Resources */ = {isa = PBXBuildFile; fileRef = B4E16FB42670D8E80011E12B /* Down@2x.png */; };
		B4E16FC32670D8E90011E12B /* ScanQR3@2x.png in Resources */ = {isa = PBXBuildFile; fileRef = B4E16FB52670D8E80011E12B /* ScanQR3@2x.png */; };
		B4E16FC42670D8E90011E12B /* ScanQR1@2x.png in Resources */ = {isa = PBXBuildFile; fileRef = B4E16FB62670D8E80011E12B /* ScanQR1@2x.png */; };
		B4E16FC52670D8E90011E12B /* ScanQR4@2x.png in Resources */ = {isa = PBXBuildFile; fileRef = B4E16FB72670D8E80011E12B /* ScanQR4@2x.png */; };
		B4E16FC62670D8E90011E12B /* Flashlight_N@2x.png in Resources */ = {isa = PBXBuildFile; fileRef = B4E16FB82670D8E80011E12B /* Flashlight_N@2x.png */; };
		B4E16FC72670D8E90011E12B /* ScanQR2@2x.png in Resources */ = {isa = PBXBuildFile; fileRef = B4E16FB92670D8E80011E12B /* ScanQR2@2x.png */; };
		B4E16FC82670D8E90011E12B /* Flashlight_H@2x.png in Resources */ = {isa = PBXBuildFile; fileRef = B4E16FBA2670D8E80011E12B /* Flashlight_H@2x.png */; };
		CB141A6626706A2D000F0957 /* ExchangeRateVC.m in Sources */ = {isa = PBXBuildFile; fileRef = CB141A6526706A2D000F0957 /* ExchangeRateVC.m */; };
		CB141A692670BCA8000F0957 /* ExchangeTableViewCell.m in Sources */ = {isa = PBXBuildFile; fileRef = CB141A682670BCA8000F0957 /* ExchangeTableViewCell.m */; };
		CB36594B266F159400946FCC /* LoginVC.m in Sources */ = {isa = PBXBuildFile; fileRef = CB36594A266F159400946FCC /* LoginVC.m */; };
		CB36594F266F163000946FCC /* UIViewController+CurrentVC.m in Sources */ = {isa = PBXBuildFile; fileRef = CB36594E266F163000946FCC /* UIViewController+CurrentVC.m */; };
		CB365955266F572A00946FCC /* RSA.m in Sources */ = {isa = PBXBuildFile; fileRef = CB365953266F572A00946FCC /* RSA.m */; };
		CB365959266F654700946FCC /* User.m in Sources */ = {isa = PBXBuildFile; fileRef = CB365958266F654700946FCC /* User.m */; };
		CB750F6A266DD6CB00B12280 /* AppDelegate.m in Sources */ = {isa = PBXBuildFile; fileRef = CB750F69266DD6CB00B12280 /* AppDelegate.m */; };
		CB750F70266DD6CB00B12280 /* ViewController.m in Sources */ = {isa = PBXBuildFile; fileRef = CB750F6F266DD6CB00B12280 /* ViewController.m */; };
		CB750F75266DD6CD00B12280 /* Assets.xcassets in Resources */ = {isa = PBXBuildFile; fileRef = CB750F74266DD6CD00B12280 /* Assets.xcassets */; };
		CB750F7B266DD6CD00B12280 /* main.m in Sources */ = {isa = PBXBuildFile; fileRef = CB750F7A266DD6CD00B12280 /* main.m */; };
		CB750F85266DD6CD00B12280 /* WalletTests.m in Sources */ = {isa = PBXBuildFile; fileRef = CB750F84266DD6CD00B12280 /* WalletTests.m */; };
		CB750F90266DD6CD00B12280 /* WalletUITests.m in Sources */ = {isa = PBXBuildFile; fileRef = CB750F8F266DD6CD00B12280 /* WalletUITests.m */; };
		CB750F9F266DDA1800B12280 /* LaunchScreen.storyboard in Resources */ = {isa = PBXBuildFile; fileRef = CB750F9D266DDA1800B12280 /* LaunchScreen.storyboard */; };
		CB750FA0266DDA1800B12280 /* Main.storyboard in Resources */ = {isa = PBXBuildFile; fileRef = CB750F9E266DDA1800B12280 /* Main.storyboard */; };
/* End PBXBuildFile section */

/* Begin PBXContainerItemProxy section */
		CB750F81266DD6CD00B12280 /* PBXContainerItemProxy */ = {
			isa = PBXContainerItemProxy;
			containerPortal = CB750F5D266DD6CB00B12280 /* Project object */;
			proxyType = 1;
			remoteGlobalIDString = CB750F64266DD6CB00B12280;
			remoteInfo = Wallet;
		};
		CB750F8C266DD6CD00B12280 /* PBXContainerItemProxy */ = {
			isa = PBXContainerItemProxy;
			containerPortal = CB750F5D266DD6CB00B12280 /* Project object */;
			proxyType = 1;
			remoteGlobalIDString = CB750F64266DD6CB00B12280;
			remoteInfo = Wallet;
		};
/* End PBXContainerItemProxy section */

/* Begin PBXFileReference section */
		3CF5DC89992007FCD7C17581 /* Pods-Wallet.release.xcconfig */ = {isa = PBXFileReference; includeInIndex = 1; lastKnownFileType = text.xcconfig; name = "Pods-Wallet.release.xcconfig"; path = "Target Support Files/Pods-Wallet/Pods-Wallet.release.xcconfig"; sourceTree = "<group>"; };
		B4E16F32266F0B140011E12B /* WalletViewController.h */ = {isa = PBXFileReference; lastKnownFileType = sourcecode.c.h; path = WalletViewController.h; sourceTree = "<group>"; };
		B4E16F33266F0B140011E12B /* WalletViewController.m */ = {isa = PBXFileReference; lastKnownFileType = sourcecode.c.objc; path = WalletViewController.m; sourceTree = "<group>"; };
		B4E16F5A267091D80011E12B /* TransferViewController.h */ = {isa = PBXFileReference; lastKnownFileType = sourcecode.c.h; path = TransferViewController.h; sourceTree = "<group>"; };
		B4E16F5B267091D80011E12B /* TransferViewController.m */ = {isa = PBXFileReference; lastKnownFileType = sourcecode.c.objc; path = TransferViewController.m; sourceTree = "<group>"; };
		B4E16F7F2670C9DD0011E12B /* SuccessViewController.h */ = {isa = PBXFileReference; lastKnownFileType = sourcecode.c.h; path = SuccessViewController.h; sourceTree = "<group>"; };
		B4E16F802670C9DD0011E12B /* SuccessViewController.m */ = {isa = PBXFileReference; lastKnownFileType = sourcecode.c.objc; path = SuccessViewController.m; sourceTree = "<group>"; };
		B4E16FA22670D8E80011E12B /* ZFScanViewController.h */ = {isa = PBXFileReference; fileEncoding = 4; lastKnownFileType = sourcecode.c.h; path = ZFScanViewController.h; sourceTree = "<group>"; };
		B4E16FA42670D8E80011E12B /* UIColor+Zirkfied.h */ = {isa = PBXFileReference; fileEncoding = 4; lastKnownFileType = sourcecode.c.h; path = "UIColor+Zirkfied.h"; sourceTree = "<group>"; };
		B4E16FA52670D8E80011E12B /* UIImage+Zirkfied.m */ = {isa = PBXFileReference; fileEncoding = 4; lastKnownFileType = sourcecode.c.objc; path = "UIImage+Zirkfied.m"; sourceTree = "<group>"; };
		B4E16FA62670D8E80011E12B /* UIColor+Zirkfied.m */ = {isa = PBXFileReference; fileEncoding = 4; lastKnownFileType = sourcecode.c.objc; path = "UIColor+Zirkfied.m"; sourceTree = "<group>"; };
		B4E16FA72670D8E80011E12B /* UIImage+Zirkfied.h */ = {isa = PBXFileReference; fileEncoding = 4; lastKnownFileType = sourcecode.c.h; path = "UIImage+Zirkfied.h"; sourceTree = "<group>"; };
		B4E16FA92670D8E80011E12B /* ZFColor.h */ = {isa = PBXFileReference; fileEncoding = 4; lastKnownFileType = sourcecode.c.h; path = ZFColor.h; sourceTree = "<group>"; };
		B4E16FAA2670D8E80011E12B /* ZFConst.m */ = {isa = PBXFileReference; fileEncoding = 4; lastKnownFileType = sourcecode.c.objc; path = ZFConst.m; sourceTree = "<group>"; };
		B4E16FAB2670D8E80011E12B /* ZFConst.h */ = {isa = PBXFileReference; fileEncoding = 4; lastKnownFileType = sourcecode.c.h; path = ZFConst.h; sourceTree = "<group>"; };
		B4E16FAC2670D8E80011E12B /* ZFScanViewController.m */ = {isa = PBXFileReference; fileEncoding = 4; lastKnownFileType = sourcecode.c.objc; path = ZFScanViewController.m; sourceTree = "<group>"; };
		B4E16FAE2670D8E80011E12B /* ZFCodeImageView.h */ = {isa = PBXFileReference; fileEncoding = 4; lastKnownFileType = sourcecode.c.h; path = ZFCodeImageView.h; sourceTree = "<group>"; };
		B4E16FAF2670D8E80011E12B /* ZFMaskView.h */ = {isa = PBXFileReference; fileEncoding = 4; lastKnownFileType = sourcecode.c.h; path = ZFMaskView.h; sourceTree = "<group>"; };
		B4E16FB02670D8E80011E12B /* ZFCodeImageView.m */ = {isa = PBXFileReference; fileEncoding = 4; lastKnownFileType = sourcecode.c.objc; path = ZFCodeImageView.m; sourceTree = "<group>"; };
		B4E16FB12670D8E80011E12B /* ZFMaskView.m */ = {isa = PBXFileReference; fileEncoding = 4; lastKnownFileType = sourcecode.c.objc; path = ZFMaskView.m; sourceTree = "<group>"; };
		B4E16FB32670D8E80011E12B /* QRCodeScanLine@2x.png */ = {isa = PBXFileReference; lastKnownFileType = image.png; path = "QRCodeScanLine@2x.png"; sourceTree = "<group>"; };
		B4E16FB42670D8E80011E12B /* Down@2x.png */ = {isa = PBXFileReference; lastKnownFileType = image.png; path = "Down@2x.png"; sourceTree = "<group>"; };
		B4E16FB52670D8E80011E12B /* ScanQR3@2x.png */ = {isa = PBXFileReference; lastKnownFileType = image.png; path = "ScanQR3@2x.png"; sourceTree = "<group>"; };
		B4E16FB62670D8E80011E12B /* ScanQR1@2x.png */ = {isa = PBXFileReference; lastKnownFileType = image.png; path = "ScanQR1@2x.png"; sourceTree = "<group>"; };
		B4E16FB72670D8E80011E12B /* ScanQR4@2x.png */ = {isa = PBXFileReference; lastKnownFileType = image.png; path = "ScanQR4@2x.png"; sourceTree = "<group>"; };
		B4E16FB82670D8E80011E12B /* Flashlight_N@2x.png */ = {isa = PBXFileReference; lastKnownFileType = image.png; path = "Flashlight_N@2x.png"; sourceTree = "<group>"; };
		B4E16FB92670D8E80011E12B /* ScanQR2@2x.png */ = {isa = PBXFileReference; lastKnownFileType = image.png; path = "ScanQR2@2x.png"; sourceTree = "<group>"; };
		B4E16FBA2670D8E80011E12B /* Flashlight_H@2x.png */ = {isa = PBXFileReference; lastKnownFileType = image.png; path = "Flashlight_H@2x.png"; sourceTree = "<group>"; };
		CB141A6426706A2D000F0957 /* ExchangeRateVC.h */ = {isa = PBXFileReference; lastKnownFileType = sourcecode.c.h; path = ExchangeRateVC.h; sourceTree = "<group>"; };
		CB141A6526706A2D000F0957 /* ExchangeRateVC.m */ = {isa = PBXFileReference; lastKnownFileType = sourcecode.c.objc; path = ExchangeRateVC.m; sourceTree = "<group>"; };
		CB141A672670BCA8000F0957 /* ExchangeTableViewCell.h */ = {isa = PBXFileReference; lastKnownFileType = sourcecode.c.h; path = ExchangeTableViewCell.h; sourceTree = "<group>"; };
		CB141A682670BCA8000F0957 /* ExchangeTableViewCell.m */ = {isa = PBXFileReference; lastKnownFileType = sourcecode.c.objc; path = ExchangeTableViewCell.m; sourceTree = "<group>"; };
		CB365949266F159400946FCC /* LoginVC.h */ = {isa = PBXFileReference; lastKnownFileType = sourcecode.c.h; path = LoginVC.h; sourceTree = "<group>"; };
		CB36594A266F159400946FCC /* LoginVC.m */ = {isa = PBXFileReference; lastKnownFileType = sourcecode.c.objc; path = LoginVC.m; sourceTree = "<group>"; };
		CB36594D266F163000946FCC /* UIViewController+CurrentVC.h */ = {isa = PBXFileReference; fileEncoding = 4; lastKnownFileType = sourcecode.c.h; path = "UIViewController+CurrentVC.h"; sourceTree = "<group>"; };
		CB36594E266F163000946FCC /* UIViewController+CurrentVC.m */ = {isa = PBXFileReference; fileEncoding = 4; lastKnownFileType = sourcecode.c.objc; path = "UIViewController+CurrentVC.m"; sourceTree = "<group>"; };
		CB365953266F572A00946FCC /* RSA.m */ = {isa = PBXFileReference; fileEncoding = 4; lastKnownFileType = sourcecode.c.objc; path = RSA.m; sourceTree = "<group>"; };
		CB365954266F572A00946FCC /* RSA.h */ = {isa = PBXFileReference; fileEncoding = 4; lastKnownFileType = sourcecode.c.h; path = RSA.h; sourceTree = "<group>"; };
		CB365957266F654700946FCC /* User.h */ = {isa = PBXFileReference; lastKnownFileType = sourcecode.c.h; path = User.h; sourceTree = "<group>"; };
		CB365958266F654700946FCC /* User.m */ = {isa = PBXFileReference; lastKnownFileType = sourcecode.c.objc; path = User.m; sourceTree = "<group>"; };
		CB750F65266DD6CB00B12280 /* Wallet.app */ = {isa = PBXFileReference; explicitFileType = wrapper.application; includeInIndex = 0; path = Wallet.app; sourceTree = BUILT_PRODUCTS_DIR; };
		CB750F68266DD6CB00B12280 /* AppDelegate.h */ = {isa = PBXFileReference; lastKnownFileType = sourcecode.c.h; path = AppDelegate.h; sourceTree = "<group>"; };
		CB750F69266DD6CB00B12280 /* AppDelegate.m */ = {isa = PBXFileReference; lastKnownFileType = sourcecode.c.objc; path = AppDelegate.m; sourceTree = "<group>"; };
		CB750F6E266DD6CB00B12280 /* ViewController.h */ = {isa = PBXFileReference; lastKnownFileType = sourcecode.c.h; path = ViewController.h; sourceTree = "<group>"; };
		CB750F6F266DD6CB00B12280 /* ViewController.m */ = {isa = PBXFileReference; lastKnownFileType = sourcecode.c.objc; path = ViewController.m; sourceTree = "<group>"; };
		CB750F74266DD6CD00B12280 /* Assets.xcassets */ = {isa = PBXFileReference; lastKnownFileType = folder.assetcatalog; path = Assets.xcassets; sourceTree = "<group>"; };
		CB750F79266DD6CD00B12280 /* Info.plist */ = {isa = PBXFileReference; lastKnownFileType = text.plist.xml; path = Info.plist; sourceTree = "<group>"; };
		CB750F7A266DD6CD00B12280 /* main.m */ = {isa = PBXFileReference; lastKnownFileType = sourcecode.c.objc; path = main.m; sourceTree = "<group>"; };
		CB750F80266DD6CD00B12280 /* WalletTests.xctest */ = {isa = PBXFileReference; explicitFileType = wrapper.cfbundle; includeInIndex = 0; path = WalletTests.xctest; sourceTree = BUILT_PRODUCTS_DIR; };
		CB750F84266DD6CD00B12280 /* WalletTests.m */ = {isa = PBXFileReference; lastKnownFileType = sourcecode.c.objc; path = WalletTests.m; sourceTree = "<group>"; };
		CB750F86266DD6CD00B12280 /* Info.plist */ = {isa = PBXFileReference; lastKnownFileType = text.plist.xml; path = Info.plist; sourceTree = "<group>"; };
		CB750F8B266DD6CD00B12280 /* WalletUITests.xctest */ = {isa = PBXFileReference; explicitFileType = wrapper.cfbundle; includeInIndex = 0; path = WalletUITests.xctest; sourceTree = BUILT_PRODUCTS_DIR; };
		CB750F8F266DD6CD00B12280 /* WalletUITests.m */ = {isa = PBXFileReference; lastKnownFileType = sourcecode.c.objc; path = WalletUITests.m; sourceTree = "<group>"; };
		CB750F91266DD6CD00B12280 /* Info.plist */ = {isa = PBXFileReference; lastKnownFileType = text.plist.xml; path = Info.plist; sourceTree = "<group>"; };
		CB750F9D266DDA1800B12280 /* LaunchScreen.storyboard */ = {isa = PBXFileReference; fileEncoding = 4; lastKnownFileType = file.storyboard; path = LaunchScreen.storyboard; sourceTree = "<group>"; };
		CB750F9E266DDA1800B12280 /* Main.storyboard */ = {isa = PBXFileReference; fileEncoding = 4; lastKnownFileType = file.storyboard; path = Main.storyboard; sourceTree = "<group>"; };
		D5B20E30C063683DEF5B1759 /* Pods-Wallet.debug.xcconfig */ = {isa = PBXFileReference; includeInIndex = 1; lastKnownFileType = text.xcconfig; name = "Pods-Wallet.debug.xcconfig"; path = "Target Support Files/Pods-Wallet/Pods-Wallet.debug.xcconfig"; sourceTree = "<group>"; };
		D9A10059DA49AAF78F529A5B /* libPods-Wallet.a */ = {isa = PBXFileReference; explicitFileType = archive.ar; includeInIndex = 0; path = "libPods-Wallet.a"; sourceTree = BUILT_PRODUCTS_DIR; };
/* End PBXFileReference section */

/* Begin PBXFrameworksBuildPhase section */
		CB750F62266DD6CB00B12280 /* Frameworks */ = {
			isa = PBXFrameworksBuildPhase;
			buildActionMask = 2147483647;
			files = (
				7575CE0DFFF35E84E13C4B86 /* libPods-Wallet.a in Frameworks */,
			);
			runOnlyForDeploymentPostprocessing = 0;
		};
		CB750F7D266DD6CD00B12280 /* Frameworks */ = {
			isa = PBXFrameworksBuildPhase;
			buildActionMask = 2147483647;
			files = (
			);
			runOnlyForDeploymentPostprocessing = 0;
		};
		CB750F88266DD6CD00B12280 /* Frameworks */ = {
			isa = PBXFrameworksBuildPhase;
			buildActionMask = 2147483647;
			files = (
			);
			runOnlyForDeploymentPostprocessing = 0;
		};
/* End PBXFrameworksBuildPhase section */

/* Begin PBXGroup section */
		2B6022DFD3DFF7CE11AB4410 /* Frameworks */ = {
			isa = PBXGroup;
			children = (
				D9A10059DA49AAF78F529A5B /* libPods-Wallet.a */,
			);
			name = Frameworks;
			sourceTree = "<group>";
		};
		86A142F382B4FEBEFD65FA4B /* Pods */ = {
			isa = PBXGroup;
			children = (
				D5B20E30C063683DEF5B1759 /* Pods-Wallet.debug.xcconfig */,
				3CF5DC89992007FCD7C17581 /* Pods-Wallet.release.xcconfig */,
			);
			path = Pods;
			sourceTree = "<group>";
		};
		B4E16FA12670D8E80011E12B /* ZFScan */ = {
			isa = PBXGroup;
			children = (
				B4E16FA22670D8E80011E12B /* ZFScanViewController.h */,
				B4E16FA32670D8E80011E12B /* Category */,
				B4E16FA82670D8E80011E12B /* Other */,
				B4E16FAC2670D8E80011E12B /* ZFScanViewController.m */,
				B4E16FAD2670D8E80011E12B /* CustomView */,
				B4E16FB22670D8E80011E12B /* resource */,
			);
			path = ZFScan;
			sourceTree = "<group>";
		};
		B4E16FA32670D8E80011E12B /* Category */ = {
			isa = PBXGroup;
			children = (
				B4E16FA42670D8E80011E12B /* UIColor+Zirkfied.h */,
				B4E16FA52670D8E80011E12B /* UIImage+Zirkfied.m */,
				B4E16FA62670D8E80011E12B /* UIColor+Zirkfied.m */,
				B4E16FA72670D8E80011E12B /* UIImage+Zirkfied.h */,
			);
			path = Category;
			sourceTree = "<group>";
		};
		B4E16FA82670D8E80011E12B /* Other */ = {
			isa = PBXGroup;
			children = (
				B4E16FA92670D8E80011E12B /* ZFColor.h */,
				B4E16FAA2670D8E80011E12B /* ZFConst.m */,
				B4E16FAB2670D8E80011E12B /* ZFConst.h */,
			);
			path = Other;
			sourceTree = "<group>";
		};
		B4E16FAD2670D8E80011E12B /* CustomView */ = {
			isa = PBXGroup;
			children = (
				B4E16FAE2670D8E80011E12B /* ZFCodeImageView.h */,
				B4E16FAF2670D8E80011E12B /* ZFMaskView.h */,
				B4E16FB02670D8E80011E12B /* ZFCodeImageView.m */,
				B4E16FB12670D8E80011E12B /* ZFMaskView.m */,
			);
			path = CustomView;
			sourceTree = "<group>";
		};
		B4E16FB22670D8E80011E12B /* resource */ = {
			isa = PBXGroup;
			children = (
				B4E16FB32670D8E80011E12B /* QRCodeScanLine@2x.png */,
				B4E16FB42670D8E80011E12B /* Down@2x.png */,
				B4E16FB52670D8E80011E12B /* ScanQR3@2x.png */,
				B4E16FB62670D8E80011E12B /* ScanQR1@2x.png */,
				B4E16FB72670D8E80011E12B /* ScanQR4@2x.png */,
				B4E16FB82670D8E80011E12B /* Flashlight_N@2x.png */,
				B4E16FB92670D8E80011E12B /* ScanQR2@2x.png */,
				B4E16FBA2670D8E80011E12B /* Flashlight_H@2x.png */,
			);
			path = resource;
			sourceTree = "<group>";
		};
		CB36594C266F161F00946FCC /* Category */ = {
			isa = PBXGroup;
			children = (
				CB36594D266F163000946FCC /* UIViewController+CurrentVC.h */,
				CB36594E266F163000946FCC /* UIViewController+CurrentVC.m */,
			);
			path = Category;
			sourceTree = "<group>";
		};
		CB365952266F572A00946FCC /* RSA */ = {
			isa = PBXGroup;
			children = (
				CB365954266F572A00946FCC /* RSA.h */,
				CB365953266F572A00946FCC /* RSA.m */,
			);
			path = RSA;
			sourceTree = "<group>";
		};
		CB365956266F653700946FCC /* Model */ = {
			isa = PBXGroup;
			children = (
				CB365957266F654700946FCC /* User.h */,
				CB365958266F654700946FCC /* User.m */,
			);
			path = Model;
			sourceTree = "<group>";
		};
		CB750F5C266DD6CB00B12280 = {
			isa = PBXGroup;
			children = (
				CB750F67266DD6CB00B12280 /* Wallet */,
				CB750F83266DD6CD00B12280 /* WalletTests */,
				CB750F8E266DD6CD00B12280 /* WalletUITests */,
				CB750F66266DD6CB00B12280 /* Products */,
				86A142F382B4FEBEFD65FA4B /* Pods */,
				2B6022DFD3DFF7CE11AB4410 /* Frameworks */,
			);
			sourceTree = "<group>";
		};
		CB750F66266DD6CB00B12280 /* Products */ = {
			isa = PBXGroup;
			children = (
				CB750F65266DD6CB00B12280 /* Wallet.app */,
				CB750F80266DD6CD00B12280 /* WalletTests.xctest */,
				CB750F8B266DD6CD00B12280 /* WalletUITests.xctest */,
			);
			name = Products;
			sourceTree = "<group>";
		};
		CB750F67266DD6CB00B12280 /* Wallet */ = {
			isa = PBXGroup;
			children = (
				B4E16FA12670D8E80011E12B /* ZFScan */,
				CB750F68266DD6CB00B12280 /* AppDelegate.h */,
				CB750F69266DD6CB00B12280 /* AppDelegate.m */,
				CB750F6E266DD6CB00B12280 /* ViewController.h */,
				CB750F6F266DD6CB00B12280 /* ViewController.m */,
				CB365956266F653700946FCC /* Model */,
				CB365952266F572A00946FCC /* RSA */,
				CB36594C266F161F00946FCC /* Category */,
				CB750F9D266DDA1800B12280 /* LaunchScreen.storyboard */,
				CB750F9E266DDA1800B12280 /* Main.storyboard */,
				CB750F74266DD6CD00B12280 /* Assets.xcassets */,
				CB750F79266DD6CD00B12280 /* Info.plist */,
				CB750F7A266DD6CD00B12280 /* main.m */,
				CB365949266F159400946FCC /* LoginVC.h */,
				CB36594A266F159400946FCC /* LoginVC.m */,
				B4E16F32266F0B140011E12B /* WalletViewController.h */,
				B4E16F33266F0B140011E12B /* WalletViewController.m */,
				B4E16F5A267091D80011E12B /* TransferViewController.h */,
				B4E16F5B267091D80011E12B /* TransferViewController.m */,
				CB141A6426706A2D000F0957 /* ExchangeRateVC.h */,
				CB141A6526706A2D000F0957 /* ExchangeRateVC.m */,
				B4E16F7F2670C9DD0011E12B /* SuccessViewController.h */,
				B4E16F802670C9DD0011E12B /* SuccessViewController.m */,
				CB141A672670BCA8000F0957 /* ExchangeTableViewCell.h */,
				CB141A682670BCA8000F0957 /* ExchangeTableViewCell.m */,
			);
			path = Wallet;
			sourceTree = "<group>";
		};
		CB750F83266DD6CD00B12280 /* WalletTests */ = {
			isa = PBXGroup;
			children = (
				CB750F84266DD6CD00B12280 /* WalletTests.m */,
				CB750F86266DD6CD00B12280 /* Info.plist */,
			);
			path = WalletTests;
			sourceTree = "<group>";
		};
		CB750F8E266DD6CD00B12280 /* WalletUITests */ = {
			isa = PBXGroup;
			children = (
				CB750F8F266DD6CD00B12280 /* WalletUITests.m */,
				CB750F91266DD6CD00B12280 /* Info.plist */,
			);
			path = WalletUITests;
			sourceTree = "<group>";
		};
/* End PBXGroup section */

/* Begin PBXNativeTarget section */
		CB750F64266DD6CB00B12280 /* Wallet */ = {
			isa = PBXNativeTarget;
			buildConfigurationList = CB750F94266DD6CD00B12280 /* Build configuration list for PBXNativeTarget "Wallet" */;
			buildPhases = (
				8063CCC2C5AAF23A6A0022E8 /* [CP] Check Pods Manifest.lock */,
				CB750F61266DD6CB00B12280 /* Sources */,
				CB750F62266DD6CB00B12280 /* Frameworks */,
				CB750F63266DD6CB00B12280 /* Resources */,
				602D8B94FBAB2C223F177935 /* [CP] Copy Pods Resources */,
			);
			buildRules = (
			);
			dependencies = (
			);
			name = Wallet;
			productName = Wallet;
			productReference = CB750F65266DD6CB00B12280 /* Wallet.app */;
			productType = "com.apple.product-type.application";
		};
		CB750F7F266DD6CD00B12280 /* WalletTests */ = {
			isa = PBXNativeTarget;
			buildConfigurationList = CB750F97266DD6CD00B12280 /* Build configuration list for PBXNativeTarget "WalletTests" */;
			buildPhases = (
				CB750F7C266DD6CD00B12280 /* Sources */,
				CB750F7D266DD6CD00B12280 /* Frameworks */,
				CB750F7E266DD6CD00B12280 /* Resources */,
			);
			buildRules = (
			);
			dependencies = (
				CB750F82266DD6CD00B12280 /* PBXTargetDependency */,
			);
			name = WalletTests;
			productName = WalletTests;
			productReference = CB750F80266DD6CD00B12280 /* WalletTests.xctest */;
			productType = "com.apple.product-type.bundle.unit-test";
		};
		CB750F8A266DD6CD00B12280 /* WalletUITests */ = {
			isa = PBXNativeTarget;
			buildConfigurationList = CB750F9A266DD6CD00B12280 /* Build configuration list for PBXNativeTarget "WalletUITests" */;
			buildPhases = (
				CB750F87266DD6CD00B12280 /* Sources */,
				CB750F88266DD6CD00B12280 /* Frameworks */,
				CB750F89266DD6CD00B12280 /* Resources */,
			);
			buildRules = (
			);
			dependencies = (
				CB750F8D266DD6CD00B12280 /* PBXTargetDependency */,
			);
			name = WalletUITests;
			productName = WalletUITests;
			productReference = CB750F8B266DD6CD00B12280 /* WalletUITests.xctest */;
			productType = "com.apple.product-type.bundle.ui-testing";
		};
/* End PBXNativeTarget section */

/* Begin PBXProject section */
		CB750F5D266DD6CB00B12280 /* Project object */ = {
			isa = PBXProject;
			attributes = {
				LastUpgradeCheck = 1250;
				TargetAttributes = {
					CB750F64266DD6CB00B12280 = {
						CreatedOnToolsVersion = 12.5;
					};
					CB750F7F266DD6CD00B12280 = {
						CreatedOnToolsVersion = 12.5;
						TestTargetID = CB750F64266DD6CB00B12280;
					};
					CB750F8A266DD6CD00B12280 = {
						CreatedOnToolsVersion = 12.5;
						TestTargetID = CB750F64266DD6CB00B12280;
					};
				};
			};
			buildConfigurationList = CB750F60266DD6CB00B12280 /* Build configuration list for PBXProject "Wallet" */;
			compatibilityVersion = "Xcode 9.3";
			developmentRegion = en;
			hasScannedForEncodings = 0;
			knownRegions = (
				en,
				Base,
			);
			mainGroup = CB750F5C266DD6CB00B12280;
			productRefGroup = CB750F66266DD6CB00B12280 /* Products */;
			projectDirPath = "";
			projectRoot = "";
			targets = (
				CB750F64266DD6CB00B12280 /* Wallet */,
				CB750F7F266DD6CD00B12280 /* WalletTests */,
				CB750F8A266DD6CD00B12280 /* WalletUITests */,
			);
		};
/* End PBXProject section */

/* Begin PBXResourcesBuildPhase section */
		CB750F63266DD6CB00B12280 /* Resources */ = {
			isa = PBXResourcesBuildPhase;
			buildActionMask = 2147483647;
			files = (
				B4E16FC32670D8E90011E12B /* ScanQR3@2x.png in Resources */,
				CB750FA0266DDA1800B12280 /* Main.storyboard in Resources */,
				B4E16FC82670D8E90011E12B /* Flashlight_H@2x.png in Resources */,
				B4E16FC62670D8E90011E12B /* Flashlight_N@2x.png in Resources */,
				B4E16FC12670D8E90011E12B /* QRCodeScanLine@2x.png in Resources */,
				CB750F75266DD6CD00B12280 /* Assets.xcassets in Resources */,
				B4E16FC22670D8E90011E12B /* Down@2x.png in Resources */,
				CB750F9F266DDA1800B12280 /* LaunchScreen.storyboard in Resources */,
				B4E16FC42670D8E90011E12B /* ScanQR1@2x.png in Resources */,
				B4E16FC52670D8E90011E12B /* ScanQR4@2x.png in Resources */,
				B4E16FC72670D8E90011E12B /* ScanQR2@2x.png in Resources */,
			);
			runOnlyForDeploymentPostprocessing = 0;
		};
		CB750F7E266DD6CD00B12280 /* Resources */ = {
			isa = PBXResourcesBuildPhase;
			buildActionMask = 2147483647;
			files = (
			);
			runOnlyForDeploymentPostprocessing = 0;
		};
		CB750F89266DD6CD00B12280 /* Resources */ = {
			isa = PBXResourcesBuildPhase;
			buildActionMask = 2147483647;
			files = (
			);
			runOnlyForDeploymentPostprocessing = 0;
		};
/* End PBXResourcesBuildPhase section */

/* Begin PBXShellScriptBuildPhase section */
		602D8B94FBAB2C223F177935 /* [CP] Copy Pods Resources */ = {
			isa = PBXShellScriptBuildPhase;
			buildActionMask = 2147483647;
			files = (
			);
			inputFileListPaths = (
				"${PODS_ROOT}/Target Support Files/Pods-Wallet/Pods-Wallet-resources-${CONFIGURATION}-input-files.xcfilelist",
			);
			name = "[CP] Copy Pods Resources";
			outputFileListPaths = (
				"${PODS_ROOT}/Target Support Files/Pods-Wallet/Pods-Wallet-resources-${CONFIGURATION}-output-files.xcfilelist",
			);
			runOnlyForDeploymentPostprocessing = 0;
			shellPath = /bin/sh;
			shellScript = "\"${PODS_ROOT}/Target Support Files/Pods-Wallet/Pods-Wallet-resources.sh\"\n";
			showEnvVarsInLog = 0;
		};
		8063CCC2C5AAF23A6A0022E8 /* [CP] Check Pods Manifest.lock */ = {
			isa = PBXShellScriptBuildPhase;
			buildActionMask = 2147483647;
			files = (
			);
			inputFileListPaths = (
			);
			inputPaths = (
				"${PODS_PODFILE_DIR_PATH}/Podfile.lock",
				"${PODS_ROOT}/Manifest.lock",
			);
			name = "[CP] Check Pods Manifest.lock";
			outputFileListPaths = (
			);
			outputPaths = (
				"$(DERIVED_FILE_DIR)/Pods-Wallet-checkManifestLockResult.txt",
			);
			runOnlyForDeploymentPostprocessing = 0;
			shellPath = /bin/sh;
			shellScript = "diff \"${PODS_PODFILE_DIR_PATH}/Podfile.lock\" \"${PODS_ROOT}/Manifest.lock\" > /dev/null\nif [ $? != 0 ] ; then\n    # print error to STDERR\n    echo \"error: The sandbox is not in sync with the Podfile.lock. Run 'pod install' or update your CocoaPods installation.\" >&2\n    exit 1\nfi\n# This output is used by Xcode 'outputs' to avoid re-running this script phase.\necho \"SUCCESS\" > \"${SCRIPT_OUTPUT_FILE_0}\"\n";
			showEnvVarsInLog = 0;
		};
/* End PBXShellScriptBuildPhase section */

/* Begin PBXSourcesBuildPhase section */
		CB750F61266DD6CB00B12280 /* Sources */ = {
			isa = PBXSourcesBuildPhase;
			buildActionMask = 2147483647;
			files = (
				CB365955266F572A00946FCC /* RSA.m in Sources */,
				B4E16FC02670D8E90011E12B /* ZFMaskView.m in Sources */,
				CB365959266F654700946FCC /* User.m in Sources */,
				CB36594F266F163000946FCC /* UIViewController+CurrentVC.m in Sources */,
				CB750F70266DD6CB00B12280 /* ViewController.m in Sources */,
				B4E16FBE2670D8E90011E12B /* ZFScanViewController.m in Sources */,
				B4E16FBF2670D8E90011E12B /* ZFCodeImageView.m in Sources */,
				B4E16F812670C9DD0011E12B /* SuccessViewController.m in Sources */,
				B4E16FBC2670D8E90011E12B /* UIColor+Zirkfied.m in Sources */,
				B4E16FBB2670D8E90011E12B /* UIImage+Zirkfied.m in Sources */,
				B4E16F34266F0B140011E12B /* WalletViewController.m in Sources */,
				CB750F6A266DD6CB00B12280 /* AppDelegate.m in Sources */,
				CB141A692670BCA8000F0957 /* ExchangeTableViewCell.m in Sources */,
				CB36594B266F159400946FCC /* LoginVC.m in Sources */,
				CB141A6626706A2D000F0957 /* ExchangeRateVC.m in Sources */,
				CB750F7B266DD6CD00B12280 /* main.m in Sources */,
				B4E16F5C267091D80011E12B /* TransferViewController.m in Sources */,
				B4E16FBD2670D8E90011E12B /* ZFConst.m in Sources */,
			);
			runOnlyForDeploymentPostprocessing = 0;
		};
		CB750F7C266DD6CD00B12280 /* Sources */ = {
			isa = PBXSourcesBuildPhase;
			buildActionMask = 2147483647;
			files = (
				CB750F85266DD6CD00B12280 /* WalletTests.m in Sources */,
			);
			runOnlyForDeploymentPostprocessing = 0;
		};
		CB750F87266DD6CD00B12280 /* Sources */ = {
			isa = PBXSourcesBuildPhase;
			buildActionMask = 2147483647;
			files = (
				CB750F90266DD6CD00B12280 /* WalletUITests.m in Sources */,
			);
			runOnlyForDeploymentPostprocessing = 0;
		};
/* End PBXSourcesBuildPhase section */

/* Begin PBXTargetDependency section */
		CB750F82266DD6CD00B12280 /* PBXTargetDependency */ = {
			isa = PBXTargetDependency;
			target = CB750F64266DD6CB00B12280 /* Wallet */;
			targetProxy = CB750F81266DD6CD00B12280 /* PBXContainerItemProxy */;
		};
		CB750F8D266DD6CD00B12280 /* PBXTargetDependency */ = {
			isa = PBXTargetDependency;
			target = CB750F64266DD6CB00B12280 /* Wallet */;
			targetProxy = CB750F8C266DD6CD00B12280 /* PBXContainerItemProxy */;
		};
/* End PBXTargetDependency section */

/* Begin XCBuildConfiguration section */
		CB750F92266DD6CD00B12280 /* Debug */ = {
			isa = XCBuildConfiguration;
			buildSettings = {
				ALWAYS_SEARCH_USER_PATHS = NO;
				CLANG_ANALYZER_NONNULL = YES;
				CLANG_ANALYZER_NUMBER_OBJECT_CONVERSION = YES_AGGRESSIVE;
				CLANG_CXX_LANGUAGE_STANDARD = "gnu++14";
				CLANG_CXX_LIBRARY = "libc++";
				CLANG_ENABLE_MODULES = YES;
				CLANG_ENABLE_OBJC_ARC = YES;
				CLANG_ENABLE_OBJC_WEAK = YES;
				CLANG_WARN_BLOCK_CAPTURE_AUTORELEASING = YES;
				CLANG_WARN_BOOL_CONVERSION = YES;
				CLANG_WARN_COMMA = YES;
				CLANG_WARN_CONSTANT_CONVERSION = YES;
				CLANG_WARN_DEPRECATED_OBJC_IMPLEMENTATIONS = YES;
				CLANG_WARN_DIRECT_OBJC_ISA_USAGE = YES_ERROR;
				CLANG_WARN_DOCUMENTATION_COMMENTS = YES;
				CLANG_WARN_EMPTY_BODY = YES;
				CLANG_WARN_ENUM_CONVERSION = YES;
				CLANG_WARN_INFINITE_RECURSION = YES;
				CLANG_WARN_INT_CONVERSION = YES;
				CLANG_WARN_NON_LITERAL_NULL_CONVERSION = YES;
				CLANG_WARN_OBJC_IMPLICIT_RETAIN_SELF = YES;
				CLANG_WARN_OBJC_LITERAL_CONVERSION = YES;
				CLANG_WARN_OBJC_ROOT_CLASS = YES_ERROR;
				CLANG_WARN_QUOTED_INCLUDE_IN_FRAMEWORK_HEADER = YES;
				CLANG_WARN_RANGE_LOOP_ANALYSIS = YES;
				CLANG_WARN_STRICT_PROTOTYPES = YES;
				CLANG_WARN_SUSPICIOUS_MOVE = YES;
				CLANG_WARN_UNGUARDED_AVAILABILITY = YES_AGGRESSIVE;
				CLANG_WARN_UNREACHABLE_CODE = YES;
				CLANG_WARN__DUPLICATE_METHOD_MATCH = YES;
				COPY_PHASE_STRIP = NO;
				DEBUG_INFORMATION_FORMAT = dwarf;
				ENABLE_STRICT_OBJC_MSGSEND = YES;
				ENABLE_TESTABILITY = YES;
				GCC_C_LANGUAGE_STANDARD = gnu11;
				GCC_DYNAMIC_NO_PIC = NO;
				GCC_NO_COMMON_BLOCKS = YES;
				GCC_OPTIMIZATION_LEVEL = 0;
				GCC_PREPROCESSOR_DEFINITIONS = (
					"DEBUG=1",
					"$(inherited)",
				);
				GCC_WARN_64_TO_32_BIT_CONVERSION = YES;
				GCC_WARN_ABOUT_RETURN_TYPE = YES_ERROR;
				GCC_WARN_UNDECLARED_SELECTOR = YES;
				GCC_WARN_UNINITIALIZED_AUTOS = YES_AGGRESSIVE;
				GCC_WARN_UNUSED_FUNCTION = YES;
				GCC_WARN_UNUSED_VARIABLE = YES;
				IPHONEOS_DEPLOYMENT_TARGET = 14.5;
				MTL_ENABLE_DEBUG_INFO = INCLUDE_SOURCE;
				MTL_FAST_MATH = YES;
				ONLY_ACTIVE_ARCH = YES;
				SDKROOT = iphoneos;
			};
			name = Debug;
		};
		CB750F93266DD6CD00B12280 /* Release */ = {
			isa = XCBuildConfiguration;
			buildSettings = {
				ALWAYS_SEARCH_USER_PATHS = NO;
				CLANG_ANALYZER_NONNULL = YES;
				CLANG_ANALYZER_NUMBER_OBJECT_CONVERSION = YES_AGGRESSIVE;
				CLANG_CXX_LANGUAGE_STANDARD = "gnu++14";
				CLANG_CXX_LIBRARY = "libc++";
				CLANG_ENABLE_MODULES = YES;
				CLANG_ENABLE_OBJC_ARC = YES;
				CLANG_ENABLE_OBJC_WEAK = YES;
				CLANG_WARN_BLOCK_CAPTURE_AUTORELEASING = YES;
				CLANG_WARN_BOOL_CONVERSION = YES;
				CLANG_WARN_COMMA = YES;
				CLANG_WARN_CONSTANT_CONVERSION = YES;
				CLANG_WARN_DEPRECATED_OBJC_IMPLEMENTATIONS = YES;
				CLANG_WARN_DIRECT_OBJC_ISA_USAGE = YES_ERROR;
				CLANG_WARN_DOCUMENTATION_COMMENTS = YES;
				CLANG_WARN_EMPTY_BODY = YES;
				CLANG_WARN_ENUM_CONVERSION = YES;
				CLANG_WARN_INFINITE_RECURSION = YES;
				CLANG_WARN_INT_CONVERSION = YES;
				CLANG_WARN_NON_LITERAL_NULL_CONVERSION = YES;
				CLANG_WARN_OBJC_IMPLICIT_RETAIN_SELF = YES;
				CLANG_WARN_OBJC_LITERAL_CONVERSION = YES;
				CLANG_WARN_OBJC_ROOT_CLASS = YES_ERROR;
				CLANG_WARN_QUOTED_INCLUDE_IN_FRAMEWORK_HEADER = YES;
				CLANG_WARN_RANGE_LOOP_ANALYSIS = YES;
				CLANG_WARN_STRICT_PROTOTYPES = YES;
				CLANG_WARN_SUSPICIOUS_MOVE = YES;
				CLANG_WARN_UNGUARDED_AVAILABILITY = YES_AGGRESSIVE;
				CLANG_WARN_UNREACHABLE_CODE = YES;
				CLANG_WARN__DUPLICATE_METHOD_MATCH = YES;
				COPY_PHASE_STRIP = NO;
				DEBUG_INFORMATION_FORMAT = "dwarf-with-dsym";
				ENABLE_NS_ASSERTIONS = NO;
				ENABLE_STRICT_OBJC_MSGSEND = YES;
				GCC_C_LANGUAGE_STANDARD = gnu11;
				GCC_NO_COMMON_BLOCKS = YES;
				GCC_WARN_64_TO_32_BIT_CONVERSION = YES;
				GCC_WARN_ABOUT_RETURN_TYPE = YES_ERROR;
				GCC_WARN_UNDECLARED_SELECTOR = YES;
				GCC_WARN_UNINITIALIZED_AUTOS = YES_AGGRESSIVE;
				GCC_WARN_UNUSED_FUNCTION = YES;
				GCC_WARN_UNUSED_VARIABLE = YES;
				IPHONEOS_DEPLOYMENT_TARGET = 14.5;
				MTL_ENABLE_DEBUG_INFO = NO;
				MTL_FAST_MATH = YES;
				SDKROOT = iphoneos;
				VALIDATE_PRODUCT = YES;
			};
			name = Release;
		};
		CB750F95266DD6CD00B12280 /* Debug */ = {
			isa = XCBuildConfiguration;
			baseConfigurationReference = D5B20E30C063683DEF5B1759 /* Pods-Wallet.debug.xcconfig */;
			buildSettings = {
				ASSETCATALOG_COMPILER_APPICON_NAME = AppIcon;
				ASSETCATALOG_COMPILER_GLOBAL_ACCENT_COLOR_NAME = AccentColor;
				CODE_SIGN_IDENTITY = "iPhone Developer";
				CODE_SIGN_STYLE = Manual;
				DEVELOPMENT_TEAM = DT4B3NXU6X;
				INFOPLIST_FILE = Wallet/Info.plist;
				IPHONEOS_DEPLOYMENT_TARGET = 11.0;
				LD_RUNPATH_SEARCH_PATHS = (
					"$(inherited)",
					"@executable_path/Frameworks",
				);
				PRODUCT_BUNDLE_IDENTIFIER = com.szdbank.szdevbank;
				PRODUCT_NAME = "$(TARGET_NAME)";
				PROVISIONING_PROFILE_SPECIFIER = szdevbank_dev_210304;
				TARGETED_DEVICE_FAMILY = 1;
			};
			name = Debug;
		};
		CB750F96266DD6CD00B12280 /* Release */ = {
			isa = XCBuildConfiguration;
			baseConfigurationReference = 3CF5DC89992007FCD7C17581 /* Pods-Wallet.release.xcconfig */;
			buildSettings = {
				ASSETCATALOG_COMPILER_APPICON_NAME = AppIcon;
				ASSETCATALOG_COMPILER_GLOBAL_ACCENT_COLOR_NAME = AccentColor;
				CODE_SIGN_IDENTITY = "iPhone Developer";
				CODE_SIGN_STYLE = Manual;
				DEVELOPMENT_TEAM = DT4B3NXU6X;
				INFOPLIST_FILE = Wallet/Info.plist;
				IPHONEOS_DEPLOYMENT_TARGET = 11.0;
				LD_RUNPATH_SEARCH_PATHS = (
					"$(inherited)",
					"@executable_path/Frameworks",
				);
				PRODUCT_BUNDLE_IDENTIFIER = com.szdbank.szdevbank;
				PRODUCT_NAME = "$(TARGET_NAME)";
				PROVISIONING_PROFILE_SPECIFIER = szdevbank_dev_210304;
				TARGETED_DEVICE_FAMILY = 1;
			};
			name = Release;
		};
		CB750F98266DD6CD00B12280 /* Debug */ = {
			isa = XCBuildConfiguration;
			buildSettings = {
				BUNDLE_LOADER = "$(TEST_HOST)";
				CODE_SIGN_STYLE = Automatic;
				INFOPLIST_FILE = WalletTests/Info.plist;
				IPHONEOS_DEPLOYMENT_TARGET = 14.5;
				LD_RUNPATH_SEARCH_PATHS = (
					"$(inherited)",
					"@executable_path/Frameworks",
					"@loader_path/Frameworks",
				);
				PRODUCT_BUNDLE_IDENTIFIER = com.szdbank.szdevbank.WalletTests;
				PRODUCT_NAME = "$(TARGET_NAME)";
				TARGETED_DEVICE_FAMILY = "1,2";
				TEST_HOST = "$(BUILT_PRODUCTS_DIR)/Wallet.app/Wallet";
			};
			name = Debug;
		};
		CB750F99266DD6CD00B12280 /* Release */ = {
			isa = XCBuildConfiguration;
			buildSettings = {
				BUNDLE_LOADER = "$(TEST_HOST)";
				CODE_SIGN_STYLE = Automatic;
				INFOPLIST_FILE = WalletTests/Info.plist;
				IPHONEOS_DEPLOYMENT_TARGET = 14.5;
				LD_RUNPATH_SEARCH_PATHS = (
					"$(inherited)",
					"@executable_path/Frameworks",
					"@loader_path/Frameworks",
				);
				PRODUCT_BUNDLE_IDENTIFIER = com.szdbank.szdevbank.WalletTests;
				PRODUCT_NAME = "$(TARGET_NAME)";
				TARGETED_DEVICE_FAMILY = "1,2";
				TEST_HOST = "$(BUILT_PRODUCTS_DIR)/Wallet.app/Wallet";
			};
			name = Release;
		};
		CB750F9B266DD6CD00B12280 /* Debug */ = {
			isa = XCBuildConfiguration;
			buildSettings = {
				CODE_SIGN_STYLE = Automatic;
				INFOPLIST_FILE = WalletUITests/Info.plist;
				LD_RUNPATH_SEARCH_PATHS = (
					"$(inherited)",
					"@executable_path/Frameworks",
					"@loader_path/Frameworks",
				);
				PRODUCT_BUNDLE_IDENTIFIER = com.szdbank.szdevbank.WalletUITests;
				PRODUCT_NAME = "$(TARGET_NAME)";
				TARGETED_DEVICE_FAMILY = "1,2";
				TEST_TARGET_NAME = Wallet;
			};
			name = Debug;
		};
		CB750F9C266DD6CD00B12280 /* Release */ = {
			isa = XCBuildConfiguration;
			buildSettings = {
				CODE_SIGN_STYLE = Automatic;
				INFOPLIST_FILE = WalletUITests/Info.plist;
				LD_RUNPATH_SEARCH_PATHS = (
					"$(inherited)",
					"@executable_path/Frameworks",
					"@loader_path/Frameworks",
				);
				PRODUCT_BUNDLE_IDENTIFIER = com.szdbank.szdevbank.WalletUITests;
				PRODUCT_NAME = "$(TARGET_NAME)";
				TARGETED_DEVICE_FAMILY = "1,2";
				TEST_TARGET_NAME = Wallet;
			};
			name = Release;
		};
/* End XCBuildConfiguration section */

/* Begin XCConfigurationList section */
		CB750F60266DD6CB00B12280 /* Build configuration list for PBXProject "Wallet" */ = {
			isa = XCConfigurationList;
			buildConfigurations = (
				CB750F92266DD6CD00B12280 /* Debug */,
				CB750F93266DD6CD00B12280 /* Release */,
			);
			defaultConfigurationIsVisible = 0;
			defaultConfigurationName = Release;
		};
		CB750F94266DD6CD00B12280 /* Build configuration list for PBXNativeTarget "Wallet" */ = {
			isa = XCConfigurationList;
			buildConfigurations = (
				CB750F95266DD6CD00B12280 /* Debug */,
				CB750F96266DD6CD00B12280 /* Release */,
			);
			defaultConfigurationIsVisible = 0;
			defaultConfigurationName = Release;
		};
		CB750F97266DD6CD00B12280 /* Build configuration list for PBXNativeTarget "WalletTests" */ = {
			isa = XCConfigurationList;
			buildConfigurations = (
				CB750F98266DD6CD00B12280 /* Debug */,
				CB750F99266DD6CD00B12280 /* Release */,
			);
			defaultConfigurationIsVisible = 0;
			defaultConfigurationName = Release;
		};
		CB750F9A266DD6CD00B12280 /* Build configuration list for PBXNativeTarget "WalletUITests" */ = {
			isa = XCConfigurationList;
			buildConfigurations = (
				CB750F9B266DD6CD00B12280 /* Debug */,
				CB750F9C266DD6CD00B12280 /* Release */,
			);
			defaultConfigurationIsVisible = 0;
			defaultConfigurationName = Release;
		};
/* End XCConfigurationList section */
	};
	rootObject = CB750F5D266DD6CB00B12280 /* Project object */;
}
